
Microsoft Visual Studio Solution File, Format Version 12.00
# Visual Studio Version 16
VisualStudioVersion = 16.0.30621.155
MinimumVisualStudioVersion = 10.0.40219.1
Project("{FAE04EC0-301F-11D3-BF4B-00C04F79EFBC}") = "PepeShop", "PepeShop\PepeShop.csproj", "{53F3A04B-5EA4-4FDC-937B-0A9D88EAA1FE}"
EndProject
Global
	GlobalSection(SolutionConfigurationPlatforms) = preSolution
		Debug|Any CPU = Debug|Any CPU
		Release|Any CPU = Release|Any CPU
	EndGlobalSection
	GlobalSection(ProjectConfigurationPlatforms) = postSolution
		{53F3A04B-5EA4-4FDC-937B-0A9D88EAA1FE}.Debug|Any CPU.ActiveCfg = Debug|Any CPU
		{53F3A04B-5EA4-4FDC-937B-0A9D88EAA1FE}.Debug|Any CPU.Build.0 = Debug|Any CPU
		{53F3A04B-5EA4-4FDC-937B-0A9D88EAA1FE}.Release|Any CPU.ActiveCfg = Release|Any CPU
		{53F3A04B-5EA4-4FDC-937B-0A9D88EAA1FE}.Release|Any CPU.Build.0 = Release|Any CPU
	EndGlobalSection
	GlobalSection(SolutionProperties) = preSolution
		HideSolutionNode = FALSE
	EndGlobalSection
	GlobalSection(ExtensibilityGlobals) = postSolution
		SolutionGuid = {449B380C-2E44-49D3-B3A5-AA11D9CFB59E}
	EndGlobalSection
EndGlobal
